// !$*UTF8*$!
{
	archiveVersion = 1;
	classes = {
	};
	objectVersion = 56;
	objects = {

/* Begin PBXBuildFile section */
		183A5BDB2A035E95007242AF /* SDWebImage in Frameworks */ = {isa = PBXBuildFile; productRef = 183A5BDA2A035E95007242AF /* SDWebImage */; };
		183BA4882A0C6C44000DF0D7 /* PlaylistHeaderCollectionReusableView.swift in Sources */ = {isa = PBXBuildFile; fileRef = 183BA4872A0C6C44000DF0D7 /* PlaylistHeaderCollectionReusableView.swift */; };
		183BA48A2A0C725F000DF0D7 /* PlaylistHeaderViewModel.swift in Sources */ = {isa = PBXBuildFile; fileRef = 183BA4892A0C725F000DF0D7 /* PlaylistHeaderViewModel.swift */; };
		183BA48C2A0CA609000DF0D7 /* HeaderTitleCollectionReusableView.swift in Sources */ = {isa = PBXBuildFile; fileRef = 183BA48B2A0CA609000DF0D7 /* HeaderTitleCollectionReusableView.swift */; };
		183BA48E2A0D48F1000DF0D7 /* AlbumTrackCollectionCell.swift in Sources */ = {isa = PBXBuildFile; fileRef = 183BA48D2A0D48F1000DF0D7 /* AlbumTrackCollectionCell.swift */; };
		183BA4902A0D4B1D000DF0D7 /* AlbumViewModel.swift in Sources */ = {isa = PBXBuildFile; fileRef = 183BA48F2A0D4B1D000DF0D7 /* AlbumViewModel.swift */; };
		18AF7FF82A06C0D200DBC1C7 /* NewReleasesResponse.swift in Sources */ = {isa = PBXBuildFile; fileRef = 18AF7FF72A06C0D200DBC1C7 /* NewReleasesResponse.swift */; };
		18AF7FFA2A06C9F300DBC1C7 /* APIImage.swift in Sources */ = {isa = PBXBuildFile; fileRef = 18AF7FF92A06C9F300DBC1C7 /* APIImage.swift */; };
		18AF7FFC2A06CE1100DBC1C7 /* Artist.swift in Sources */ = {isa = PBXBuildFile; fileRef = 18AF7FFB2A06CE1100DBC1C7 /* Artist.swift */; };
		18AF7FFE2A06D47700DBC1C7 /* FeaturedPlaylistsResponse.swift in Sources */ = {isa = PBXBuildFile; fileRef = 18AF7FFD2A06D47700DBC1C7 /* FeaturedPlaylistsResponse.swift */; };
		18AF80002A06DA0E00DBC1C7 /* RecommendedGenresResponse.swift in Sources */ = {isa = PBXBuildFile; fileRef = 18AF7FFF2A06DA0E00DBC1C7 /* RecommendedGenresResponse.swift */; };
		18AF80022A06E1FF00DBC1C7 /* RecommendationResponse.swift in Sources */ = {isa = PBXBuildFile; fileRef = 18AF80012A06E1FF00DBC1C7 /* RecommendationResponse.swift */; };
		18AF80042A06F33E00DBC1C7 /* AudioTrack.swift in Sources */ = {isa = PBXBuildFile; fileRef = 18AF80032A06F33E00DBC1C7 /* AudioTrack.swift */; };
		18AF80062A06F37800DBC1C7 /* Playlist.swift in Sources */ = {isa = PBXBuildFile; fileRef = 18AF80052A06F37800DBC1C7 /* Playlist.swift */; };
		18AF80082A06FCC100DBC1C7 /* NewReleaseCell.swift in Sources */ = {isa = PBXBuildFile; fileRef = 18AF80072A06FCC100DBC1C7 /* NewReleaseCell.swift */; };
		18AF800A2A06FCD800DBC1C7 /* FeaturedPlaylistCell.swift in Sources */ = {isa = PBXBuildFile; fileRef = 18AF80092A06FCD800DBC1C7 /* FeaturedPlaylistCell.swift */; };
		18AF800C2A06FD6B00DBC1C7 /* RecommendedTrackCell.swift in Sources */ = {isa = PBXBuildFile; fileRef = 18AF800B2A06FD6B00DBC1C7 /* RecommendedTrackCell.swift */; };
		18D698CC2A0AB1F80025E00A /* NewReleasesCellViewModel.swift in Sources */ = {isa = PBXBuildFile; fileRef = 18D698CB2A0AB1F80025E00A /* NewReleasesCellViewModel.swift */; };
		18D698CE2A0AB4DB0025E00A /* FeaturedPlaylistCellViewModel.swift in Sources */ = {isa = PBXBuildFile; fileRef = 18D698CD2A0AB4DB0025E00A /* FeaturedPlaylistCellViewModel.swift */; };
		18D698D02A0AB4F40025E00A /* RecommendedTracksCellViewModel.swift in Sources */ = {isa = PBXBuildFile; fileRef = 18D698CF2A0AB4F40025E00A /* RecommendedTracksCellViewModel.swift */; };
		18D698D22A0C2E340025E00A /* AlbumViewController.swift in Sources */ = {isa = PBXBuildFile; fileRef = 18D698D12A0C2E340025E00A /* AlbumViewController.swift */; };
		18D698D42A0C350E0025E00A /* PlaylistViewController.swift in Sources */ = {isa = PBXBuildFile; fileRef = 18D698D32A0C350E0025E00A /* PlaylistViewController.swift */; };
		18D698D62A0C3D600025E00A /* AlbumDetailsResponse.swift in Sources */ = {isa = PBXBuildFile; fileRef = 18D698D52A0C3D600025E00A /* AlbumDetailsResponse.swift */; };
		18D698D82A0C447A0025E00A /* PlaylistDetailsResponse.swift in Sources */ = {isa = PBXBuildFile; fileRef = 18D698D72A0C447A0025E00A /* PlaylistDetailsResponse.swift */; };
		18F4F7732A004D06009A1E05 /* APICaller.swift in Sources */ = {isa = PBXBuildFile; fileRef = 18F4F7722A004D06009A1E05 /* APICaller.swift */; };
		18F4F7752A004EDD009A1E05 /* UserProfile.swift in Sources */ = {isa = PBXBuildFile; fileRef = 18F4F7742A004EDD009A1E05 /* UserProfile.swift */; };
		18F4F7772A006BFE009A1E05 /* ProfileViewController.swift in Sources */ = {isa = PBXBuildFile; fileRef = 18F4F7762A006BFE009A1E05 /* ProfileViewController.swift */; };
		18F4F7792A01B6F9009A1E05 /* SettingsViewController.swift in Sources */ = {isa = PBXBuildFile; fileRef = 18F4F7782A01B6F9009A1E05 /* SettingsViewController.swift */; };
		18F4F77B2A01B946009A1E05 /* SettingsModel.swift in Sources */ = {isa = PBXBuildFile; fileRef = 18F4F77A2A01B946009A1E05 /* SettingsModel.swift */; };
		18F63A7429F86F2F008A7D65 /* AppDelegate.swift in Sources */ = {isa = PBXBuildFile; fileRef = 18F63A7329F86F2F008A7D65 /* AppDelegate.swift */; };
		18F63A7629F86F2F008A7D65 /* SceneDelegate.swift in Sources */ = {isa = PBXBuildFile; fileRef = 18F63A7529F86F2F008A7D65 /* SceneDelegate.swift */; };
		18F63A7B29F86F2F008A7D65 /* Main.storyboard in Resources */ = {isa = PBXBuildFile; fileRef = 18F63A7929F86F2F008A7D65 /* Main.storyboard */; };
		18F63A7D29F86F30008A7D65 /* Assets.xcassets in Resources */ = {isa = PBXBuildFile; fileRef = 18F63A7C29F86F30008A7D65 /* Assets.xcassets */; };
		18F63A8029F86F30008A7D65 /* LaunchScreen.storyboard in Resources */ = {isa = PBXBuildFile; fileRef = 18F63A7E29F86F30008A7D65 /* LaunchScreen.storyboard */; };
		18F63A8829F86F5C008A7D65 /* TitleBarController.swift in Sources */ = {isa = PBXBuildFile; fileRef = 18F63A8729F86F5C008A7D65 /* TitleBarController.swift */; };
		18F63A8A29F86F64008A7D65 /* Container.swift in Sources */ = {isa = PBXBuildFile; fileRef = 18F63A8929F86F64008A7D65 /* Container.swift */; };
		18F63A8C29F86F6B008A7D65 /* Factories.swift in Sources */ = {isa = PBXBuildFile; fileRef = 18F63A8B29F86F6B008A7D65 /* Factories.swift */; };
		18F63A8E29F86F7E008A7D65 /* HomeController.swift in Sources */ = {isa = PBXBuildFile; fileRef = 18F63A8D29F86F7E008A7D65 /* HomeController.swift */; };
		18F63A9029F86F86008A7D65 /* MenuBar.swift in Sources */ = {isa = PBXBuildFile; fileRef = 18F63A8F29F86F86008A7D65 /* MenuBar.swift */; };
		18F63A9229F86F91008A7D65 /* PlaylistCell.swift in Sources */ = {isa = PBXBuildFile; fileRef = 18F63A9129F86F91008A7D65 /* PlaylistCell.swift */; };
		18F63A9429F86F96008A7D65 /* Data.swift in Sources */ = {isa = PBXBuildFile; fileRef = 18F63A9329F86F96008A7D65 /* Data.swift */; };
		18F63A9D29F87094008A7D65 /* ibiza.mp3 in Resources */ = {isa = PBXBuildFile; fileRef = 18F63A9629F87091008A7D65 /* ibiza.mp3 */; };
		18F63A9E29F87094008A7D65 /* calling.mp3 in Resources */ = {isa = PBXBuildFile; fileRef = 18F63A9729F87091008A7D65 /* calling.mp3 */; };
		18F63A9F29F87094008A7D65 /* lighter.mp3 in Resources */ = {isa = PBXBuildFile; fileRef = 18F63A9829F87092008A7D65 /* lighter.mp3 */; };
		18F63AA029F87094008A7D65 /* wakemeup.mp3 in Resources */ = {isa = PBXBuildFile; fileRef = 18F63A9929F87092008A7D65 /* wakemeup.mp3 */; };
		18F63AA129F87094008A7D65 /* laughnowcrylater.mp3 in Resources */ = {isa = PBXBuildFile; fileRef = 18F63A9A29F87092008A7D65 /* laughnowcrylater.mp3 */; };
		18F63AA229F87094008A7D65 /* firestone.mp3 in Resources */ = {isa = PBXBuildFile; fileRef = 18F63A9B29F87093008A7D65 /* firestone.mp3 */; };
		18F63AA329F87094008A7D65 /* onedance.mp3 in Resources */ = {isa = PBXBuildFile; fileRef = 18F63A9C29F87093008A7D65 /* onedance.mp3 */; };
		18F63AA529F870D8008A7D65 /* PlayerViewController.swift in Sources */ = {isa = PBXBuildFile; fileRef = 18F63AA429F870D8008A7D65 /* PlayerViewController.swift */; };
		18F63AA729F8733C008A7D65 /* SpotifyiOS.framework in Frameworks */ = {isa = PBXBuildFile; fileRef = 18F63AA629F8733C008A7D65 /* SpotifyiOS.framework */; };
		18F63AAC29F889C3008A7D65 /* AuthViewController.swift in Sources */ = {isa = PBXBuildFile; fileRef = 18F63AAB29F889C3008A7D65 /* AuthViewController.swift */; };
		18F63AAE29F88A4D008A7D65 /* AuthManager.swift in Sources */ = {isa = PBXBuildFile; fileRef = 18F63AAD29F88A4D008A7D65 /* AuthManager.swift */; };
		18F63AB029F88C28008A7D65 /* WelcomeViewController.swift in Sources */ = {isa = PBXBuildFile; fileRef = 18F63AAF29F88C28008A7D65 /* WelcomeViewController.swift */; };
		18F63AB229F88C68008A7D65 /* Extensions.swift in Sources */ = {isa = PBXBuildFile; fileRef = 18F63AB129F88C68008A7D65 /* Extensions.swift */; };
		18F63AB429F9E7DF008A7D65 /* AuthResponse.swift in Sources */ = {isa = PBXBuildFile; fileRef = 18F63AB329F9E7DF008A7D65 /* AuthResponse.swift */; };
		18F63AB629F9F149008A7D65 /* TabBarViewController.swift in Sources */ = {isa = PBXBuildFile; fileRef = 18F63AB529F9F149008A7D65 /* TabBarViewController.swift */; };
		18F63AB829F9F189008A7D65 /* SearchViewController.swift in Sources */ = {isa = PBXBuildFile; fileRef = 18F63AB729F9F189008A7D65 /* SearchViewController.swift */; };
		18F63ABA29F9F197008A7D65 /* LibraryViewController.swift in Sources */ = {isa = PBXBuildFile; fileRef = 18F63AB929F9F197008A7D65 /* LibraryViewController.swift */; };
		18F63ABC29FA2761008A7D65 /* HomeViewController.swift in Sources */ = {isa = PBXBuildFile; fileRef = 18F63ABB29FA2761008A7D65 /* HomeViewController.swift */; };
		2CE6AA0CF2E33C4756C1A891 /* Pods_iOSDevProj.framework in Frameworks */ = {isa = PBXBuildFile; fileRef = 68CE5904A3DBB2D43D1244B4 /* Pods_iOSDevProj.framework */; };
/* End PBXBuildFile section */

/* Begin PBXFileReference section */
		09DD3923DC0D297B23468D2E /* Pods-iOSDevProj.debug.xcconfig */ = {isa = PBXFileReference; includeInIndex = 1; lastKnownFileType = text.xcconfig; name = "Pods-iOSDevProj.debug.xcconfig"; path = "Target Support Files/Pods-iOSDevProj/Pods-iOSDevProj.debug.xcconfig"; sourceTree = "<group>"; };
		183BA4872A0C6C44000DF0D7 /* PlaylistHeaderCollectionReusableView.swift */ = {isa = PBXFileReference; lastKnownFileType = sourcecode.swift; path = PlaylistHeaderCollectionReusableView.swift; sourceTree = "<group>"; };
		183BA4892A0C725F000DF0D7 /* PlaylistHeaderViewModel.swift */ = {isa = PBXFileReference; lastKnownFileType = sourcecode.swift; path = PlaylistHeaderViewModel.swift; sourceTree = "<group>"; };
		183BA48B2A0CA609000DF0D7 /* HeaderTitleCollectionReusableView.swift */ = {isa = PBXFileReference; lastKnownFileType = sourcecode.swift; path = HeaderTitleCollectionReusableView.swift; sourceTree = "<group>"; };
		183BA48D2A0D48F1000DF0D7 /* AlbumTrackCollectionCell.swift */ = {isa = PBXFileReference; lastKnownFileType = sourcecode.swift; path = AlbumTrackCollectionCell.swift; sourceTree = "<group>"; };
		183BA48F2A0D4B1D000DF0D7 /* AlbumViewModel.swift */ = {isa = PBXFileReference; lastKnownFileType = sourcecode.swift; path = AlbumViewModel.swift; sourceTree = "<group>"; };
		18AF7FF72A06C0D200DBC1C7 /* NewReleasesResponse.swift */ = {isa = PBXFileReference; lastKnownFileType = sourcecode.swift; path = NewReleasesResponse.swift; sourceTree = "<group>"; };
		18AF7FF92A06C9F300DBC1C7 /* APIImage.swift */ = {isa = PBXFileReference; lastKnownFileType = sourcecode.swift; path = APIImage.swift; sourceTree = "<group>"; };
		18AF7FFB2A06CE1100DBC1C7 /* Artist.swift */ = {isa = PBXFileReference; lastKnownFileType = sourcecode.swift; path = Artist.swift; sourceTree = "<group>"; };
		18AF7FFD2A06D47700DBC1C7 /* FeaturedPlaylistsResponse.swift */ = {isa = PBXFileReference; lastKnownFileType = sourcecode.swift; path = FeaturedPlaylistsResponse.swift; sourceTree = "<group>"; };
		18AF7FFF2A06DA0E00DBC1C7 /* RecommendedGenresResponse.swift */ = {isa = PBXFileReference; lastKnownFileType = sourcecode.swift; path = RecommendedGenresResponse.swift; sourceTree = "<group>"; };
		18AF80012A06E1FF00DBC1C7 /* RecommendationResponse.swift */ = {isa = PBXFileReference; lastKnownFileType = sourcecode.swift; path = RecommendationResponse.swift; sourceTree = "<group>"; };
		18AF80032A06F33E00DBC1C7 /* AudioTrack.swift */ = {isa = PBXFileReference; lastKnownFileType = sourcecode.swift; path = AudioTrack.swift; sourceTree = "<group>"; };
		18AF80052A06F37800DBC1C7 /* Playlist.swift */ = {isa = PBXFileReference; lastKnownFileType = sourcecode.swift; path = Playlist.swift; sourceTree = "<group>"; };
		18AF80072A06FCC100DBC1C7 /* NewReleaseCell.swift */ = {isa = PBXFileReference; lastKnownFileType = sourcecode.swift; path = NewReleaseCell.swift; sourceTree = "<group>"; };
		18AF80092A06FCD800DBC1C7 /* FeaturedPlaylistCell.swift */ = {isa = PBXFileReference; lastKnownFileType = sourcecode.swift; path = FeaturedPlaylistCell.swift; sourceTree = "<group>"; };
		18AF800B2A06FD6B00DBC1C7 /* RecommendedTrackCell.swift */ = {isa = PBXFileReference; lastKnownFileType = sourcecode.swift; path = RecommendedTrackCell.swift; sourceTree = "<group>"; };
		18D698CB2A0AB1F80025E00A /* NewReleasesCellViewModel.swift */ = {isa = PBXFileReference; lastKnownFileType = sourcecode.swift; path = NewReleasesCellViewModel.swift; sourceTree = "<group>"; };
		18D698CD2A0AB4DB0025E00A /* FeaturedPlaylistCellViewModel.swift */ = {isa = PBXFileReference; lastKnownFileType = sourcecode.swift; path = FeaturedPlaylistCellViewModel.swift; sourceTree = "<group>"; };
		18D698CF2A0AB4F40025E00A /* RecommendedTracksCellViewModel.swift */ = {isa = PBXFileReference; lastKnownFileType = sourcecode.swift; path = RecommendedTracksCellViewModel.swift; sourceTree = "<group>"; };
		18D698D12A0C2E340025E00A /* AlbumViewController.swift */ = {isa = PBXFileReference; lastKnownFileType = sourcecode.swift; path = AlbumViewController.swift; sourceTree = "<group>"; };
		18D698D32A0C350E0025E00A /* PlaylistViewController.swift */ = {isa = PBXFileReference; lastKnownFileType = sourcecode.swift; path = PlaylistViewController.swift; sourceTree = "<group>"; };
		18D698D52A0C3D600025E00A /* AlbumDetailsResponse.swift */ = {isa = PBXFileReference; lastKnownFileType = sourcecode.swift; path = AlbumDetailsResponse.swift; sourceTree = "<group>"; };
		18D698D72A0C447A0025E00A /* PlaylistDetailsResponse.swift */ = {isa = PBXFileReference; lastKnownFileType = sourcecode.swift; path = PlaylistDetailsResponse.swift; sourceTree = "<group>"; };
		18F4F7722A004D06009A1E05 /* APICaller.swift */ = {isa = PBXFileReference; lastKnownFileType = sourcecode.swift; path = APICaller.swift; sourceTree = "<group>"; };
		18F4F7742A004EDD009A1E05 /* UserProfile.swift */ = {isa = PBXFileReference; lastKnownFileType = sourcecode.swift; path = UserProfile.swift; sourceTree = "<group>"; };
		18F4F7762A006BFE009A1E05 /* ProfileViewController.swift */ = {isa = PBXFileReference; lastKnownFileType = sourcecode.swift; path = ProfileViewController.swift; sourceTree = "<group>"; };
		18F4F7782A01B6F9009A1E05 /* SettingsViewController.swift */ = {isa = PBXFileReference; lastKnownFileType = sourcecode.swift; path = SettingsViewController.swift; sourceTree = "<group>"; };
		18F4F77A2A01B946009A1E05 /* SettingsModel.swift */ = {isa = PBXFileReference; lastKnownFileType = sourcecode.swift; path = SettingsModel.swift; sourceTree = "<group>"; };
		18F63A7029F86F2F008A7D65 /* iOSDevProj.app */ = {isa = PBXFileReference; explicitFileType = wrapper.application; includeInIndex = 0; path = iOSDevProj.app; sourceTree = BUILT_PRODUCTS_DIR; };
		18F63A7329F86F2F008A7D65 /* AppDelegate.swift */ = {isa = PBXFileReference; lastKnownFileType = sourcecode.swift; path = AppDelegate.swift; sourceTree = "<group>"; };
		18F63A7529F86F2F008A7D65 /* SceneDelegate.swift */ = {isa = PBXFileReference; lastKnownFileType = sourcecode.swift; path = SceneDelegate.swift; sourceTree = "<group>"; };
		18F63A7A29F86F2F008A7D65 /* Base */ = {isa = PBXFileReference; lastKnownFileType = file.storyboard; name = Base; path = Base.lproj/Main.storyboard; sourceTree = "<group>"; };
		18F63A7C29F86F30008A7D65 /* Assets.xcassets */ = {isa = PBXFileReference; lastKnownFileType = folder.assetcatalog; path = Assets.xcassets; sourceTree = "<group>"; };
		18F63A7F29F86F30008A7D65 /* Base */ = {isa = PBXFileReference; lastKnownFileType = file.storyboard; name = Base; path = Base.lproj/LaunchScreen.storyboard; sourceTree = "<group>"; };
		18F63A8129F86F30008A7D65 /* Info.plist */ = {isa = PBXFileReference; lastKnownFileType = text.plist.xml; path = Info.plist; sourceTree = "<group>"; };
		18F63A8729F86F5C008A7D65 /* TitleBarController.swift */ = {isa = PBXFileReference; lastKnownFileType = sourcecode.swift; path = TitleBarController.swift; sourceTree = "<group>"; };
		18F63A8929F86F64008A7D65 /* Container.swift */ = {isa = PBXFileReference; lastKnownFileType = sourcecode.swift; path = Container.swift; sourceTree = "<group>"; };
		18F63A8B29F86F6B008A7D65 /* Factories.swift */ = {isa = PBXFileReference; lastKnownFileType = sourcecode.swift; path = Factories.swift; sourceTree = "<group>"; };
		18F63A8D29F86F7E008A7D65 /* HomeController.swift */ = {isa = PBXFileReference; lastKnownFileType = sourcecode.swift; path = HomeController.swift; sourceTree = "<group>"; };
		18F63A8F29F86F86008A7D65 /* MenuBar.swift */ = {isa = PBXFileReference; lastKnownFileType = sourcecode.swift; path = MenuBar.swift; sourceTree = "<group>"; };
		18F63A9129F86F91008A7D65 /* PlaylistCell.swift */ = {isa = PBXFileReference; lastKnownFileType = sourcecode.swift; path = PlaylistCell.swift; sourceTree = "<group>"; };
		18F63A9329F86F96008A7D65 /* Data.swift */ = {isa = PBXFileReference; lastKnownFileType = sourcecode.swift; path = Data.swift; sourceTree = "<group>"; };
		18F63A9629F87091008A7D65 /* ibiza.mp3 */ = {isa = PBXFileReference; lastKnownFileType = audio.mp3; path = ibiza.mp3; sourceTree = "<group>"; };
		18F63A9729F87091008A7D65 /* calling.mp3 */ = {isa = PBXFileReference; lastKnownFileType = audio.mp3; path = calling.mp3; sourceTree = "<group>"; };
		18F63A9829F87092008A7D65 /* lighter.mp3 */ = {isa = PBXFileReference; lastKnownFileType = audio.mp3; path = lighter.mp3; sourceTree = "<group>"; };
		18F63A9929F87092008A7D65 /* wakemeup.mp3 */ = {isa = PBXFileReference; lastKnownFileType = audio.mp3; path = wakemeup.mp3; sourceTree = "<group>"; };
		18F63A9A29F87092008A7D65 /* laughnowcrylater.mp3 */ = {isa = PBXFileReference; lastKnownFileType = audio.mp3; path = laughnowcrylater.mp3; sourceTree = "<group>"; };
		18F63A9B29F87093008A7D65 /* firestone.mp3 */ = {isa = PBXFileReference; lastKnownFileType = audio.mp3; path = firestone.mp3; sourceTree = "<group>"; };
		18F63A9C29F87093008A7D65 /* onedance.mp3 */ = {isa = PBXFileReference; lastKnownFileType = audio.mp3; path = onedance.mp3; sourceTree = "<group>"; };
		18F63AA429F870D8008A7D65 /* PlayerViewController.swift */ = {isa = PBXFileReference; lastKnownFileType = sourcecode.swift; path = PlayerViewController.swift; sourceTree = "<group>"; };
		18F63AA629F8733C008A7D65 /* SpotifyiOS.framework */ = {isa = PBXFileReference; lastKnownFileType = wrapper.framework; path = SpotifyiOS.framework; sourceTree = "<group>"; };
		18F63AA829F873CB008A7D65 /* iOSDevProj-Bridging-Header.h */ = {isa = PBXFileReference; lastKnownFileType = sourcecode.c.h; path = "iOSDevProj-Bridging-Header.h"; sourceTree = "<group>"; };
		18F63AAB29F889C3008A7D65 /* AuthViewController.swift */ = {isa = PBXFileReference; lastKnownFileType = sourcecode.swift; path = AuthViewController.swift; sourceTree = "<group>"; };
		18F63AAD29F88A4D008A7D65 /* AuthManager.swift */ = {isa = PBXFileReference; lastKnownFileType = sourcecode.swift; path = AuthManager.swift; sourceTree = "<group>"; };
		18F63AAF29F88C28008A7D65 /* WelcomeViewController.swift */ = {isa = PBXFileReference; lastKnownFileType = sourcecode.swift; path = WelcomeViewController.swift; sourceTree = "<group>"; };
		18F63AB129F88C68008A7D65 /* Extensions.swift */ = {isa = PBXFileReference; lastKnownFileType = sourcecode.swift; path = Extensions.swift; sourceTree = "<group>"; };
		18F63AB329F9E7DF008A7D65 /* AuthResponse.swift */ = {isa = PBXFileReference; lastKnownFileType = sourcecode.swift; path = AuthResponse.swift; sourceTree = "<group>"; };
		18F63AB529F9F149008A7D65 /* TabBarViewController.swift */ = {isa = PBXFileReference; lastKnownFileType = sourcecode.swift; path = TabBarViewController.swift; sourceTree = "<group>"; };
		18F63AB729F9F189008A7D65 /* SearchViewController.swift */ = {isa = PBXFileReference; lastKnownFileType = sourcecode.swift; path = SearchViewController.swift; sourceTree = "<group>"; };
		18F63AB929F9F197008A7D65 /* LibraryViewController.swift */ = {isa = PBXFileReference; lastKnownFileType = sourcecode.swift; path = LibraryViewController.swift; sourceTree = "<group>"; };
		18F63ABB29FA2761008A7D65 /* HomeViewController.swift */ = {isa = PBXFileReference; lastKnownFileType = sourcecode.swift; path = HomeViewController.swift; sourceTree = "<group>"; };
		68CE5904A3DBB2D43D1244B4 /* Pods_iOSDevProj.framework */ = {isa = PBXFileReference; explicitFileType = wrapper.framework; includeInIndex = 0; path = Pods_iOSDevProj.framework; sourceTree = BUILT_PRODUCTS_DIR; };
		7173CF43DF04641D61774F1E /* Pods-iOSDevProj.release.xcconfig */ = {isa = PBXFileReference; includeInIndex = 1; lastKnownFileType = text.xcconfig; name = "Pods-iOSDevProj.release.xcconfig"; path = "Target Support Files/Pods-iOSDevProj/Pods-iOSDevProj.release.xcconfig"; sourceTree = "<group>"; };
/* End PBXFileReference section */

/* Begin PBXFrameworksBuildPhase section */
		18F63A6D29F86F2F008A7D65 /* Frameworks */ = {
			isa = PBXFrameworksBuildPhase;
			buildActionMask = 2147483647;
			files = (
				183A5BDB2A035E95007242AF /* SDWebImage in Frameworks */,
				18F63AA729F8733C008A7D65 /* SpotifyiOS.framework in Frameworks */,
				2CE6AA0CF2E33C4756C1A891 /* Pods_iOSDevProj.framework in Frameworks */,
			);
			runOnlyForDeploymentPostprocessing = 0;
		};
/* End PBXFrameworksBuildPhase section */

/* Begin PBXGroup section */
		186E7DD229FC5BD800002C96 /* Other */ = {
			isa = PBXGroup;
			children = (
				18F63AB129F88C68008A7D65 /* Extensions.swift */,
				18F63A8F29F86F86008A7D65 /* MenuBar.swift */,
				18F63A7329F86F2F008A7D65 /* AppDelegate.swift */,
				18F63A7529F86F2F008A7D65 /* SceneDelegate.swift */,
				18F63A9329F86F96008A7D65 /* Data.swift */,
				18F63A9129F86F91008A7D65 /* PlaylistCell.swift */,
				18F63A8929F86F64008A7D65 /* Container.swift */,
				18F63A8B29F86F6B008A7D65 /* Factories.swift */,
				18F63A7929F86F2F008A7D65 /* Main.storyboard */,
				18F63A7C29F86F30008A7D65 /* Assets.xcassets */,
				18F63A7E29F86F30008A7D65 /* LaunchScreen.storyboard */,
				18F4F7742A004EDD009A1E05 /* UserProfile.swift */,
				18F4F77A2A01B946009A1E05 /* SettingsModel.swift */,
				18AF7FF72A06C0D200DBC1C7 /* NewReleasesResponse.swift */,
				18AF7FF92A06C9F300DBC1C7 /* APIImage.swift */,
				18AF7FFB2A06CE1100DBC1C7 /* Artist.swift */,
				18AF7FFD2A06D47700DBC1C7 /* FeaturedPlaylistsResponse.swift */,
				18AF7FFF2A06DA0E00DBC1C7 /* RecommendedGenresResponse.swift */,
				18AF80012A06E1FF00DBC1C7 /* RecommendationResponse.swift */,
				18AF80032A06F33E00DBC1C7 /* AudioTrack.swift */,
				18AF80052A06F37800DBC1C7 /* Playlist.swift */,
				18AF80072A06FCC100DBC1C7 /* NewReleaseCell.swift */,
				18AF80092A06FCD800DBC1C7 /* FeaturedPlaylistCell.swift */,
				18AF800B2A06FD6B00DBC1C7 /* RecommendedTrackCell.swift */,
				18D698CB2A0AB1F80025E00A /* NewReleasesCellViewModel.swift */,
				18D698CD2A0AB4DB0025E00A /* FeaturedPlaylistCellViewModel.swift */,
				18D698CF2A0AB4F40025E00A /* RecommendedTracksCellViewModel.swift */,
				18D698D52A0C3D600025E00A /* AlbumDetailsResponse.swift */,
				18D698D72A0C447A0025E00A /* PlaylistDetailsResponse.swift */,
				183BA4872A0C6C44000DF0D7 /* PlaylistHeaderCollectionReusableView.swift */,
				183BA4892A0C725F000DF0D7 /* PlaylistHeaderViewModel.swift */,
				183BA48B2A0CA609000DF0D7 /* HeaderTitleCollectionReusableView.swift */,
				183BA48D2A0D48F1000DF0D7 /* AlbumTrackCollectionCell.swift */,
				183BA48F2A0D4B1D000DF0D7 /* AlbumViewModel.swift */,
			);
			path = Other;
			sourceTree = "<group>";
		};
		186E7DD329FC5BFB00002C96 /* API */ = {
			isa = PBXGroup;
			children = (
				18F63AAD29F88A4D008A7D65 /* AuthManager.swift */,
				18F63AB329F9E7DF008A7D65 /* AuthResponse.swift */,
				18F63AAB29F889C3008A7D65 /* AuthViewController.swift */,
				18F4F7722A004D06009A1E05 /* APICaller.swift */,
			);
			path = API;
			sourceTree = "<group>";
		};
		186E7DD429FC5C4200002C96 /* ViewControllers */ = {
			isa = PBXGroup;
			children = (
				18F63AAF29F88C28008A7D65 /* WelcomeViewController.swift */,
				18F63AB529F9F149008A7D65 /* TabBarViewController.swift */,
				18F63AB729F9F189008A7D65 /* SearchViewController.swift */,
				18F63AB929F9F197008A7D65 /* LibraryViewController.swift */,
				18F63ABB29FA2761008A7D65 /* HomeViewController.swift */,
				18F63AA429F870D8008A7D65 /* PlayerViewController.swift */,
				18F4F7762A006BFE009A1E05 /* ProfileViewController.swift */,
				18F4F7782A01B6F9009A1E05 /* SettingsViewController.swift */,
				18D698D12A0C2E340025E00A /* AlbumViewController.swift */,
				18D698D32A0C350E0025E00A /* PlaylistViewController.swift */,
			);
			path = ViewControllers;
			sourceTree = "<group>";
		};
		18F63A6729F86F2E008A7D65 = {
			isa = PBXGroup;
			children = (
				18F63A9529F8706F008A7D65 /* SoundManager */,
				18F63A7229F86F2F008A7D65 /* iOSDevProj */,
				18F63A7129F86F2F008A7D65 /* Products */,
				18F63AA829F873CB008A7D65 /* iOSDevProj-Bridging-Header.h */,
				4BC574D53A4837CC227EE235 /* Pods */,
				7104218A71D604F5897FDBFB /* Frameworks */,
			);
			sourceTree = "<group>";
		};
		18F63A7129F86F2F008A7D65 /* Products */ = {
			isa = PBXGroup;
			children = (
				18F63A7029F86F2F008A7D65 /* iOSDevProj.app */,
			);
			name = Products;
			sourceTree = "<group>";
		};
		18F63A7229F86F2F008A7D65 /* iOSDevProj */ = {
			isa = PBXGroup;
			children = (
				186E7DD429FC5C4200002C96 /* ViewControllers */,
				186E7DD329FC5BFB00002C96 /* API */,
				186E7DD229FC5BD800002C96 /* Other */,
				18F63A8129F86F30008A7D65 /* Info.plist */,
				18F63A8729F86F5C008A7D65 /* TitleBarController.swift */,
				18F63A8D29F86F7E008A7D65 /* HomeController.swift */,
				18F63AA629F8733C008A7D65 /* SpotifyiOS.framework */,
			);
			path = iOSDevProj;
			sourceTree = "<group>";
		};
		18F63A9529F8706F008A7D65 /* SoundManager */ = {
			isa = PBXGroup;
			children = (
				18F63A9729F87091008A7D65 /* calling.mp3 */,
				18F63A9B29F87093008A7D65 /* firestone.mp3 */,
				18F63A9629F87091008A7D65 /* ibiza.mp3 */,
				18F63A9A29F87092008A7D65 /* laughnowcrylater.mp3 */,
				18F63A9829F87092008A7D65 /* lighter.mp3 */,
				18F63A9C29F87093008A7D65 /* onedance.mp3 */,
				18F63A9929F87092008A7D65 /* wakemeup.mp3 */,
			);
			path = SoundManager;
			sourceTree = "<group>";
		};
		4BC574D53A4837CC227EE235 /* Pods */ = {
			isa = PBXGroup;
			children = (
				09DD3923DC0D297B23468D2E /* Pods-iOSDevProj.debug.xcconfig */,
				7173CF43DF04641D61774F1E /* Pods-iOSDevProj.release.xcconfig */,
			);
			path = Pods;
			sourceTree = "<group>";
		};
		7104218A71D604F5897FDBFB /* Frameworks */ = {
			isa = PBXGroup;
			children = (
				68CE5904A3DBB2D43D1244B4 /* Pods_iOSDevProj.framework */,
			);
			name = Frameworks;
			sourceTree = "<group>";
		};
/* End PBXGroup section */

/* Begin PBXNativeTarget section */
		18F63A6F29F86F2F008A7D65 /* iOSDevProj */ = {
			isa = PBXNativeTarget;
			buildConfigurationList = 18F63A8429F86F30008A7D65 /* Build configuration list for PBXNativeTarget "iOSDevProj" */;
			buildPhases = (
				34B50EBD62E93B012F6D59A5 /* [CP] Check Pods Manifest.lock */,
				18F63A6C29F86F2F008A7D65 /* Sources */,
				18F63A6D29F86F2F008A7D65 /* Frameworks */,
				18F63A6E29F86F2F008A7D65 /* Resources */,
				E76A8E92B9C6B40FD1FA06A2 /* [CP] Embed Pods Frameworks */,
			);
			buildRules = (
			);
			dependencies = (
			);
			name = iOSDevProj;
			packageProductDependencies = (
				183A5BDA2A035E95007242AF /* SDWebImage */,
			);
			productName = iOSDevProj;
			productReference = 18F63A7029F86F2F008A7D65 /* iOSDevProj.app */;
			productType = "com.apple.product-type.application";
		};
/* End PBXNativeTarget section */

/* Begin PBXProject section */
		18F63A6829F86F2E008A7D65 /* Project object */ = {
			isa = PBXProject;
			attributes = {
				BuildIndependentTargetsInParallel = 1;
				LastSwiftUpdateCheck = 1430;
				LastUpgradeCheck = 1430;
				TargetAttributes = {
					18F63A6F29F86F2F008A7D65 = {
						CreatedOnToolsVersion = 14.3;
						LastSwiftMigration = 1430;
					};
				};
			};
			buildConfigurationList = 18F63A6B29F86F2E008A7D65 /* Build configuration list for PBXProject "iOSDevProj" */;
			compatibilityVersion = "Xcode 14.0";
			developmentRegion = en;
			hasScannedForEncodings = 0;
			knownRegions = (
				en,
				Base,
			);
			mainGroup = 18F63A6729F86F2E008A7D65;
			packageReferences = (
				183A5BD92A035E95007242AF /* XCRemoteSwiftPackageReference "SDWebImage" */,
			);
			productRefGroup = 18F63A7129F86F2F008A7D65 /* Products */;
			projectDirPath = "";
			projectRoot = "";
			targets = (
				18F63A6F29F86F2F008A7D65 /* iOSDevProj */,
			);
		};
/* End PBXProject section */

/* Begin PBXResourcesBuildPhase section */
		18F63A6E29F86F2F008A7D65 /* Resources */ = {
			isa = PBXResourcesBuildPhase;
			buildActionMask = 2147483647;
			files = (
				18F63A9F29F87094008A7D65 /* lighter.mp3 in Resources */,
				18F63AA029F87094008A7D65 /* wakemeup.mp3 in Resources */,
				18F63A8029F86F30008A7D65 /* LaunchScreen.storyboard in Resources */,
				18F63A7D29F86F30008A7D65 /* Assets.xcassets in Resources */,
				18F63AA229F87094008A7D65 /* firestone.mp3 in Resources */,
				18F63A9E29F87094008A7D65 /* calling.mp3 in Resources */,
				18F63AA129F87094008A7D65 /* laughnowcrylater.mp3 in Resources */,
				18F63A9D29F87094008A7D65 /* ibiza.mp3 in Resources */,
				18F63A7B29F86F2F008A7D65 /* Main.storyboard in Resources */,
				18F63AA329F87094008A7D65 /* onedance.mp3 in Resources */,
			);
			runOnlyForDeploymentPostprocessing = 0;
		};
/* End PBXResourcesBuildPhase section */

/* Begin PBXShellScriptBuildPhase section */
		34B50EBD62E93B012F6D59A5 /* [CP] Check Pods Manifest.lock */ = {
			isa = PBXShellScriptBuildPhase;
			buildActionMask = 2147483647;
			files = (
			);
			inputFileListPaths = (
			);
			inputPaths = (
				"${PODS_PODFILE_DIR_PATH}/Podfile.lock",
				"${PODS_ROOT}/Manifest.lock",
			);
			name = "[CP] Check Pods Manifest.lock";
			outputFileListPaths = (
			);
			outputPaths = (
				"$(DERIVED_FILE_DIR)/Pods-iOSDevProj-checkManifestLockResult.txt",
			);
			runOnlyForDeploymentPostprocessing = 0;
			shellPath = /bin/sh;
			shellScript = "diff \"${PODS_PODFILE_DIR_PATH}/Podfile.lock\" \"${PODS_ROOT}/Manifest.lock\" > /dev/null\nif [ $? != 0 ] ; then\n    # print error to STDERR\n    echo \"error: The sandbox is not in sync with the Podfile.lock. Run 'pod install' or update your CocoaPods installation.\" >&2\n    exit 1\nfi\n# This output is used by Xcode 'outputs' to avoid re-running this script phase.\necho \"SUCCESS\" > \"${SCRIPT_OUTPUT_FILE_0}\"\n";
			showEnvVarsInLog = 0;
		};
		E76A8E92B9C6B40FD1FA06A2 /* [CP] Embed Pods Frameworks */ = {
			isa = PBXShellScriptBuildPhase;
			buildActionMask = 2147483647;
			files = (
			);
			inputFileListPaths = (
				"${PODS_ROOT}/Target Support Files/Pods-iOSDevProj/Pods-iOSDevProj-frameworks-${CONFIGURATION}-input-files.xcfilelist",
			);
			name = "[CP] Embed Pods Frameworks";
			outputFileListPaths = (
				"${PODS_ROOT}/Target Support Files/Pods-iOSDevProj/Pods-iOSDevProj-frameworks-${CONFIGURATION}-output-files.xcfilelist",
			);
			runOnlyForDeploymentPostprocessing = 0;
			shellPath = /bin/sh;
			shellScript = "\"${PODS_ROOT}/Target Support Files/Pods-iOSDevProj/Pods-iOSDevProj-frameworks.sh\"\n";
			showEnvVarsInLog = 0;
		};
/* End PBXShellScriptBuildPhase section */

/* Begin PBXSourcesBuildPhase section */
		18F63A6C29F86F2F008A7D65 /* Sources */ = {
			isa = PBXSourcesBuildPhase;
			buildActionMask = 2147483647;
			files = (
				18F4F77B2A01B946009A1E05 /* SettingsModel.swift in Sources */,
				18D698D82A0C447A0025E00A /* PlaylistDetailsResponse.swift in Sources */,
				183BA4902A0D4B1D000DF0D7 /* AlbumViewModel.swift in Sources */,
				18F63AB629F9F149008A7D65 /* TabBarViewController.swift in Sources */,
				18AF800C2A06FD6B00DBC1C7 /* RecommendedTrackCell.swift in Sources */,
				18D698CC2A0AB1F80025E00A /* NewReleasesCellViewModel.swift in Sources */,
				18F63AAC29F889C3008A7D65 /* AuthViewController.swift in Sources */,
				18AF7FFC2A06CE1100DBC1C7 /* Artist.swift in Sources */,
				183BA48A2A0C725F000DF0D7 /* PlaylistHeaderViewModel.swift in Sources */,
				18F4F7752A004EDD009A1E05 /* UserProfile.swift in Sources */,
				18F63ABC29FA2761008A7D65 /* HomeViewController.swift in Sources */,
				183BA48C2A0CA609000DF0D7 /* HeaderTitleCollectionReusableView.swift in Sources */,
				18D698D62A0C3D600025E00A /* AlbumDetailsResponse.swift in Sources */,
				18F4F7732A004D06009A1E05 /* APICaller.swift in Sources */,
				18AF800A2A06FCD800DBC1C7 /* FeaturedPlaylistCell.swift in Sources */,
				18AF7FFA2A06C9F300DBC1C7 /* APIImage.swift in Sources */,
				183BA4882A0C6C44000DF0D7 /* PlaylistHeaderCollectionReusableView.swift in Sources */,
				18F63AAE29F88A4D008A7D65 /* AuthManager.swift in Sources */,
				18AF7FF82A06C0D200DBC1C7 /* NewReleasesResponse.swift in Sources */,
				18AF7FFE2A06D47700DBC1C7 /* FeaturedPlaylistsResponse.swift in Sources */,
				18F4F7772A006BFE009A1E05 /* ProfileViewController.swift in Sources */,
				18D698D22A0C2E340025E00A /* AlbumViewController.swift in Sources */,
				18D698D42A0C350E0025E00A /* PlaylistViewController.swift in Sources */,
				18F63AB829F9F189008A7D65 /* SearchViewController.swift in Sources */,
				18F63A8C29F86F6B008A7D65 /* Factories.swift in Sources */,
				18F63A9429F86F96008A7D65 /* Data.swift in Sources */,
				18F63A9229F86F91008A7D65 /* PlaylistCell.swift in Sources */,
				18F63A9029F86F86008A7D65 /* MenuBar.swift in Sources */,
				18F63AB029F88C28008A7D65 /* WelcomeViewController.swift in Sources */,
				18F63A8E29F86F7E008A7D65 /* HomeController.swift in Sources */,
				18D698CE2A0AB4DB0025E00A /* FeaturedPlaylistCellViewModel.swift in Sources */,
				18F63A7429F86F2F008A7D65 /* AppDelegate.swift in Sources */,
				18AF80042A06F33E00DBC1C7 /* AudioTrack.swift in Sources */,
				18F4F7792A01B6F9009A1E05 /* SettingsViewController.swift in Sources */,
				18F63A8A29F86F64008A7D65 /* Container.swift in Sources */,
				18F63A8829F86F5C008A7D65 /* TitleBarController.swift in Sources */,
				18F63A7629F86F2F008A7D65 /* SceneDelegate.swift in Sources */,
				18F63AA529F870D8008A7D65 /* PlayerViewController.swift in Sources */,
				183BA48E2A0D48F1000DF0D7 /* AlbumTrackCollectionCell.swift in Sources */,
				18AF80022A06E1FF00DBC1C7 /* RecommendationResponse.swift in Sources */,
				18AF80062A06F37800DBC1C7 /* Playlist.swift in Sources */,
				18D698D02A0AB4F40025E00A /* RecommendedTracksCellViewModel.swift in Sources */,
				18F63AB429F9E7DF008A7D65 /* AuthResponse.swift in Sources */,
				18AF80082A06FCC100DBC1C7 /* NewReleaseCell.swift in Sources */,
				18AF80002A06DA0E00DBC1C7 /* RecommendedGenresResponse.swift in Sources */,
				18F63ABA29F9F197008A7D65 /* LibraryViewController.swift in Sources */,
				18F63AB229F88C68008A7D65 /* Extensions.swift in Sources */,
			);
			runOnlyForDeploymentPostprocessing = 0;
		};
/* End PBXSourcesBuildPhase section */

/* Begin PBXVariantGroup section */
		18F63A7929F86F2F008A7D65 /* Main.storyboard */ = {
			isa = PBXVariantGroup;
			children = (
				18F63A7A29F86F2F008A7D65 /* Base */,
			);
			name = Main.storyboard;
			sourceTree = "<group>";
		};
		18F63A7E29F86F30008A7D65 /* LaunchScreen.storyboard */ = {
			isa = PBXVariantGroup;
			children = (
				18F63A7F29F86F30008A7D65 /* Base */,
			);
			name = LaunchScreen.storyboard;
			sourceTree = "<group>";
		};
/* End PBXVariantGroup section */

/* Begin XCBuildConfiguration section */
		18F63A8229F86F30008A7D65 /* Debug */ = {
			isa = XCBuildConfiguration;
			buildSettings = {
				ALWAYS_SEARCH_USER_PATHS = NO;
				CLANG_ANALYZER_NONNULL = YES;
				CLANG_ANALYZER_NUMBER_OBJECT_CONVERSION = YES_AGGRESSIVE;
				CLANG_CXX_LANGUAGE_STANDARD = "gnu++20";
				CLANG_ENABLE_MODULES = YES;
				CLANG_ENABLE_OBJC_ARC = YES;
				CLANG_ENABLE_OBJC_WEAK = YES;
				CLANG_WARN_BLOCK_CAPTURE_AUTORELEASING = YES;
				CLANG_WARN_BOOL_CONVERSION = YES;
				CLANG_WARN_COMMA = YES;
				CLANG_WARN_CONSTANT_CONVERSION = YES;
				CLANG_WARN_DEPRECATED_OBJC_IMPLEMENTATIONS = YES;
				CLANG_WARN_DIRECT_OBJC_ISA_USAGE = YES_ERROR;
				CLANG_WARN_DOCUMENTATION_COMMENTS = YES;
				CLANG_WARN_EMPTY_BODY = YES;
				CLANG_WARN_ENUM_CONVERSION = YES;
				CLANG_WARN_INFINITE_RECURSION = YES;
				CLANG_WARN_INT_CONVERSION = YES;
				CLANG_WARN_NON_LITERAL_NULL_CONVERSION = YES;
				CLANG_WARN_OBJC_IMPLICIT_RETAIN_SELF = YES;
				CLANG_WARN_OBJC_LITERAL_CONVERSION = YES;
				CLANG_WARN_OBJC_ROOT_CLASS = YES_ERROR;
				CLANG_WARN_QUOTED_INCLUDE_IN_FRAMEWORK_HEADER = YES;
				CLANG_WARN_RANGE_LOOP_ANALYSIS = YES;
				CLANG_WARN_STRICT_PROTOTYPES = YES;
				CLANG_WARN_SUSPICIOUS_MOVE = YES;
				CLANG_WARN_UNGUARDED_AVAILABILITY = YES_AGGRESSIVE;
				CLANG_WARN_UNREACHABLE_CODE = YES;
				CLANG_WARN__DUPLICATE_METHOD_MATCH = YES;
				COPY_PHASE_STRIP = NO;
				DEBUG_INFORMATION_FORMAT = dwarf;
				ENABLE_STRICT_OBJC_MSGSEND = YES;
				ENABLE_TESTABILITY = YES;
				GCC_C_LANGUAGE_STANDARD = gnu11;
				GCC_DYNAMIC_NO_PIC = NO;
				GCC_NO_COMMON_BLOCKS = YES;
				GCC_OPTIMIZATION_LEVEL = 0;
				GCC_PREPROCESSOR_DEFINITIONS = (
					"DEBUG=1",
					"$(inherited)",
				);
				GCC_WARN_64_TO_32_BIT_CONVERSION = YES;
				GCC_WARN_ABOUT_RETURN_TYPE = YES_ERROR;
				GCC_WARN_UNDECLARED_SELECTOR = YES;
				GCC_WARN_UNINITIALIZED_AUTOS = YES_AGGRESSIVE;
				GCC_WARN_UNUSED_FUNCTION = YES;
				GCC_WARN_UNUSED_VARIABLE = YES;
				IPHONEOS_DEPLOYMENT_TARGET = 16.4;
				MTL_ENABLE_DEBUG_INFO = INCLUDE_SOURCE;
				MTL_FAST_MATH = YES;
				ONLY_ACTIVE_ARCH = YES;
				SDKROOT = iphoneos;
				SWIFT_ACTIVE_COMPILATION_CONDITIONS = DEBUG;
				SWIFT_OPTIMIZATION_LEVEL = "-Onone";
			};
			name = Debug;
		};
		18F63A8329F86F30008A7D65 /* Release */ = {
			isa = XCBuildConfiguration;
			buildSettings = {
				ALWAYS_SEARCH_USER_PATHS = NO;
				CLANG_ANALYZER_NONNULL = YES;
				CLANG_ANALYZER_NUMBER_OBJECT_CONVERSION = YES_AGGRESSIVE;
				CLANG_CXX_LANGUAGE_STANDARD = "gnu++20";
				CLANG_ENABLE_MODULES = YES;
				CLANG_ENABLE_OBJC_ARC = YES;
				CLANG_ENABLE_OBJC_WEAK = YES;
				CLANG_WARN_BLOCK_CAPTURE_AUTORELEASING = YES;
				CLANG_WARN_BOOL_CONVERSION = YES;
				CLANG_WARN_COMMA = YES;
				CLANG_WARN_CONSTANT_CONVERSION = YES;
				CLANG_WARN_DEPRECATED_OBJC_IMPLEMENTATIONS = YES;
				CLANG_WARN_DIRECT_OBJC_ISA_USAGE = YES_ERROR;
				CLANG_WARN_DOCUMENTATION_COMMENTS = YES;
				CLANG_WARN_EMPTY_BODY = YES;
				CLANG_WARN_ENUM_CONVERSION = YES;
				CLANG_WARN_INFINITE_RECURSION = YES;
				CLANG_WARN_INT_CONVERSION = YES;
				CLANG_WARN_NON_LITERAL_NULL_CONVERSION = YES;
				CLANG_WARN_OBJC_IMPLICIT_RETAIN_SELF = YES;
				CLANG_WARN_OBJC_LITERAL_CONVERSION = YES;
				CLANG_WARN_OBJC_ROOT_CLASS = YES_ERROR;
				CLANG_WARN_QUOTED_INCLUDE_IN_FRAMEWORK_HEADER = YES;
				CLANG_WARN_RANGE_LOOP_ANALYSIS = YES;
				CLANG_WARN_STRICT_PROTOTYPES = YES;
				CLANG_WARN_SUSPICIOUS_MOVE = YES;
				CLANG_WARN_UNGUARDED_AVAILABILITY = YES_AGGRESSIVE;
				CLANG_WARN_UNREACHABLE_CODE = YES;
				CLANG_WARN__DUPLICATE_METHOD_MATCH = YES;
				COPY_PHASE_STRIP = NO;
				DEBUG_INFORMATION_FORMAT = "dwarf-with-dsym";
				ENABLE_NS_ASSERTIONS = NO;
				ENABLE_STRICT_OBJC_MSGSEND = YES;
				GCC_C_LANGUAGE_STANDARD = gnu11;
				GCC_NO_COMMON_BLOCKS = YES;
				GCC_WARN_64_TO_32_BIT_CONVERSION = YES;
				GCC_WARN_ABOUT_RETURN_TYPE = YES_ERROR;
				GCC_WARN_UNDECLARED_SELECTOR = YES;
				GCC_WARN_UNINITIALIZED_AUTOS = YES_AGGRESSIVE;
				GCC_WARN_UNUSED_FUNCTION = YES;
				GCC_WARN_UNUSED_VARIABLE = YES;
				IPHONEOS_DEPLOYMENT_TARGET = 16.4;
				MTL_ENABLE_DEBUG_INFO = NO;
				MTL_FAST_MATH = YES;
				SDKROOT = iphoneos;
				SWIFT_COMPILATION_MODE = wholemodule;
				SWIFT_OPTIMIZATION_LEVEL = "-O";
				VALIDATE_PRODUCT = YES;
			};
			name = Release;
		};
		18F63A8529F86F30008A7D65 /* Debug */ = {
			isa = XCBuildConfiguration;
			baseConfigurationReference = 09DD3923DC0D297B23468D2E /* Pods-iOSDevProj.debug.xcconfig */;
			buildSettings = {
				ASSETCATALOG_COMPILER_APPICON_NAME = AppIcon;
				ASSETCATALOG_COMPILER_GLOBAL_ACCENT_COLOR_NAME = AccentColor;
				CLANG_ENABLE_MODULES = YES;
				CODE_SIGN_STYLE = Automatic;
				CURRENT_PROJECT_VERSION = 1;
				DEVELOPMENT_TEAM = CX2WD59759;
				FRAMEWORK_SEARCH_PATHS = (
					"$(inherited)",
					"$(PROJECT_DIR)/iOSDevProj",
				);
				GENERATE_INFOPLIST_FILE = YES;
				INFOPLIST_FILE = iOSDevProj/Info.plist;
				INFOPLIST_KEY_UIApplicationSupportsIndirectInputEvents = YES;
				INFOPLIST_KEY_UILaunchStoryboardName = LaunchScreen;
				INFOPLIST_KEY_UIMainStoryboardFile = Main;
				INFOPLIST_KEY_UISupportedInterfaceOrientations_iPad = "UIInterfaceOrientationPortrait UIInterfaceOrientationPortraitUpsideDown UIInterfaceOrientationLandscapeLeft UIInterfaceOrientationLandscapeRight";
				INFOPLIST_KEY_UISupportedInterfaceOrientations_iPhone = "UIInterfaceOrientationPortrait UIInterfaceOrientationLandscapeLeft UIInterfaceOrientationLandscapeRight";
				IPHONEOS_DEPLOYMENT_TARGET = 16.2;
				LD_RUNPATH_SEARCH_PATHS = (
					"$(inherited)",
					"@executable_path/Frameworks",
				);
				MARKETING_VERSION = 1.0;
				OTHER_LDFLAGS = "-ObjC";
				PRODUCT_BUNDLE_IDENTIFIER = ICO.iOSDevProj;
				PRODUCT_NAME = "$(TARGET_NAME)";
				SWIFT_EMIT_LOC_STRINGS = YES;
				SWIFT_OBJC_BRIDGING_HEADER = "iOSDevProj-Bridging-Header.h";
				SWIFT_OPTIMIZATION_LEVEL = "-Onone";
				SWIFT_VERSION = 5.0;
				TARGETED_DEVICE_FAMILY = "1,2";
			};
			name = Debug;
		};
		18F63A8629F86F30008A7D65 /* Release */ = {
			isa = XCBuildConfiguration;
			baseConfigurationReference = 7173CF43DF04641D61774F1E /* Pods-iOSDevProj.release.xcconfig */;
			buildSettings = {
				ASSETCATALOG_COMPILER_APPICON_NAME = AppIcon;
				ASSETCATALOG_COMPILER_GLOBAL_ACCENT_COLOR_NAME = AccentColor;
				CLANG_ENABLE_MODULES = YES;
				CODE_SIGN_STYLE = Automatic;
				CURRENT_PROJECT_VERSION = 1;
				DEVELOPMENT_TEAM = CX2WD59759;
				FRAMEWORK_SEARCH_PATHS = (
					"$(inherited)",
					"$(PROJECT_DIR)/iOSDevProj",
				);
				GENERATE_INFOPLIST_FILE = YES;
				INFOPLIST_FILE = iOSDevProj/Info.plist;
				INFOPLIST_KEY_UIApplicationSupportsIndirectInputEvents = YES;
				INFOPLIST_KEY_UILaunchStoryboardName = LaunchScreen;
				INFOPLIST_KEY_UIMainStoryboardFile = Main;
				INFOPLIST_KEY_UISupportedInterfaceOrientations_iPad = "UIInterfaceOrientationPortrait UIInterfaceOrientationPortraitUpsideDown UIInterfaceOrientationLandscapeLeft UIInterfaceOrientationLandscapeRight";
				INFOPLIST_KEY_UISupportedInterfaceOrientations_iPhone = "UIInterfaceOrientationPortrait UIInterfaceOrientationLandscapeLeft UIInterfaceOrientationLandscapeRight";
				IPHONEOS_DEPLOYMENT_TARGET = 16.2;
				LD_RUNPATH_SEARCH_PATHS = (
					"$(inherited)",
					"@executable_path/Frameworks",
				);
				MARKETING_VERSION = 1.0;
				OTHER_LDFLAGS = "-ObjC";
				PRODUCT_BUNDLE_IDENTIFIER = ICO.iOSDevProj;
				PRODUCT_NAME = "$(TARGET_NAME)";
				SWIFT_EMIT_LOC_STRINGS = YES;
				SWIFT_OBJC_BRIDGING_HEADER = "iOSDevProj-Bridging-Header.h";
				SWIFT_VERSION = 5.0;
				TARGETED_DEVICE_FAMILY = "1,2";
			};
			name = Release;
		};
/* End XCBuildConfiguration section */

/* Begin XCConfigurationList section */
		18F63A6B29F86F2E008A7D65 /* Build configuration list for PBXProject "iOSDevProj" */ = {
			isa = XCConfigurationList;
			buildConfigurations = (
				18F63A8229F86F30008A7D65 /* Debug */,
				18F63A8329F86F30008A7D65 /* Release */,
			);
			defaultConfigurationIsVisible = 0;
			defaultConfigurationName = Release;
		};
		18F63A8429F86F30008A7D65 /* Build configuration list for PBXNativeTarget "iOSDevProj" */ = {
			isa = XCConfigurationList;
			buildConfigurations = (
				18F63A8529F86F30008A7D65 /* Debug */,
				18F63A8629F86F30008A7D65 /* Release */,
			);
			defaultConfigurationIsVisible = 0;
			defaultConfigurationName = Release;
		};
/* End XCConfigurationList section */

/* Begin XCRemoteSwiftPackageReference section */
		183A5BD92A035E95007242AF /* XCRemoteSwiftPackageReference "SDWebImage" */ = {
			isa = XCRemoteSwiftPackageReference;
			repositoryURL = "https://github.com/SDWebImage/SDWebImage.git";
			requirement = {
				kind = upToNextMajorVersion;
				minimumVersion = 5.0.0;
			};
		};
/* End XCRemoteSwiftPackageReference section */

/* Begin XCSwiftPackageProductDependency section */
		183A5BDA2A035E95007242AF /* SDWebImage */ = {
			isa = XCSwiftPackageProductDependency;
			package = 183A5BD92A035E95007242AF /* XCRemoteSwiftPackageReference "SDWebImage" */;
			productName = SDWebImage;
		};
/* End XCSwiftPackageProductDependency section */
	};
	rootObject = 18F63A6829F86F2E008A7D65 /* Project object */;
}
